Microsoft Visual Studio Solution File, Format Version 12.00
# Visual Studio 2012
Project("{FAE04EC0-301F-11D3-BF4B-00C04F79EFBC}") = "Learning Godot", "Learning Godot.csproj", "{0C57E8D5-7885-4825-B95E-46D4A2118F2C}"
EndProject
Global
	GlobalSection(SolutionConfigurationPlatforms) = preSolution
	Debug|Any CPU = Debug|Any CPU
	ExportDebug|Any CPU = ExportDebug|Any CPU
	ExportRelease|Any CPU = ExportRelease|Any CPU
	EndGlobalSection
	GlobalSection(ProjectConfigurationPlatforms) = postSolution
		{0C57E8D5-7885-4825-B95E-46D4A2118F2C}.Debug|Any CPU.ActiveCfg = Debug|Any CPU
		{0C57E8D5-7885-4825-B95E-46D4A2118F2C}.Debug|Any CPU.Build.0 = Debug|Any CPU
		{0C57E8D5-7885-4825-B95E-46D4A2118F2C}.ExportDebug|Any CPU.ActiveCfg = ExportDebug|Any CPU
		{0C57E8D5-7885-4825-B95E-46D4A2118F2C}.ExportDebug|Any CPU.Build.0 = ExportDebug|Any CPU
		{0C57E8D5-7885-4825-B95E-46D4A2118F2C}.ExportRelease|Any CPU.ActiveCfg = ExportRelease|Any CPU
		{0C57E8D5-7885-4825-B95E-46D4A2118F2C}.ExportRelease|Any CPU.Build.0 = ExportRelease|Any CPU
	EndGlobalSection
EndGlobal
